
Microsoft Visual Studio Solution File, Format Version 12.00
# Visual Studio Version 17
VisualStudioVersion = 17.13.35931.197
MinimumVisualStudioVersion = 10.0.40219.1
Project("{FAE04EC0-301F-11D3-BF4B-00C04F79EFBC}") = "PluginTemplateAlpha8", "PluginTemplateAlpha8.csproj", "{76B97577-B4BF-FF6D-99C3-BF698291A129}"
EndProject
Global
	GlobalSection(SolutionConfigurationPlatforms) = preSolution
		Debug|Any CPU = Debug|Any CPU
		Debug|x86 = Debug|x86
		Release|Any CPU = Release|Any CPU
		Release|x86 = Release|x86
	EndGlobalSection
	GlobalSection(ProjectConfigurationPlatforms) = postSolution
		{76B97577-B4BF-FF6D-99C3-BF698291A129}.Debug|Any CPU.ActiveCfg = Debug|Any CPU
		{76B97577-B4BF-FF6D-99C3-BF698291A129}.Debug|Any CPU.Build.0 = Debug|Any CPU
		{76B97577-B4BF-FF6D-99C3-BF698291A129}.Debug|x86.ActiveCfg = Debug|Any CPU
		{76B97577-B4BF-FF6D-99C3-BF698291A129}.Debug|x86.Build.0 = Debug|Any CPU
		{76B97577-B4BF-FF6D-99C3-BF698291A129}.Release|Any CPU.ActiveCfg = Release|Any CPU
		{76B97577-B4BF-FF6D-99C3-BF698291A129}.Release|Any CPU.Build.0 = Release|Any CPU
		{76B97577-B4BF-FF6D-99C3-BF698291A129}.Release|x86.ActiveCfg = Release|Any CPU
		{76B97577-B4BF-FF6D-99C3-BF698291A129}.Release|x86.Build.0 = Release|Any CPU
	EndGlobalSection
	GlobalSection(SolutionProperties) = preSolution
		HideSolutionNode = FALSE
	EndGlobalSection
	GlobalSection(ExtensibilityGlobals) = postSolution
		SolutionGuid = {11F8A710-AB71-46D6-9E15-C05275D44443}
	EndGlobalSection
EndGlobal
